lockfileVersion: '9.0'

settings:
  autoInstallPeers: true
  excludeLinksFromLockfile: false

importers:

  .:
    devDependencies:
      '@teo-garcia/prettier-config-shared':
        specifier: ^0.2.9
        version: 0.2.9(prettier@3.8.1)
      prettier:
        specifier: ^3.8.1
        version: 3.8.1

packages:

  '@teo-garcia/prettier-config-shared@0.2.9':
    resolution: {integrity: sha512-G1X4yBPxe+Fn1XBB9N+6DPZM+0+n+Ec1ofoXcAbqfzOPaDdJKo7LAzhf87HiWyfSbMzgclJDyvAhO4fWQ2LPrQ==}
    engines: {node: '>=24'}
    peerDependencies:
      prettier: ^3.0.0

  prettier@3.8.1:
    resolution: {integrity: sha512-UOnG6LftzbdaHZcKoPFtOcCKztrQ57WkHDeRD9t/PTQtmT0NHSeWWepj6pS0z/N7+08BHFDQVUrfmfMRcZwbMg==}
    engines: {node: '>=14'}
    hasBin: true

snapshots:

  '@teo-garcia/prettier-config-shared@0.2.9(prettier@3.8.1)':
    dependencies:
      prettier: 3.8.1

  prettier@3.8.1: {}
